{
  "name": "ckeditor5",
  "version": "25.0.0",
  "lockfileVersion": 1,
  "requires": true,
  "dependencies": {
    "@ckeditor/ckeditor5-alignment": {
      "version": "25.0.0",
      "resolved": "https://registry.npmjs.org/@ckeditor/ckeditor5-alignment/-/ckeditor5-alignment-25.0.0.tgz",
      "integrity": "sha512-4FXQPj0WUsm2vIVg4oFLkiKPJWGgFuSJ4WYl+kMu+noSBrpp5I3w073xH5jojmuEIixcwzMhsk/frw1ew+sARg==",
      "requires": {
        "@ckeditor/ckeditor5-core": "^25.0.0",
        "@ckeditor/ckeditor5-ui": "^25.0.0",
        "@ckeditor/ckeditor5-utils": "^25.0.0"
      },
      "dependencies": {
        "@ckeditor/ckeditor5-core": {
          "version": "25.0.0",
          "resolved": "https://registry.npmjs.org/@ckeditor/ckeditor5-core/-/ckeditor5-core-25.0.0.tgz",
          "integrity": "sha512-fNeEiWlrIye5XfeMlGtOUNwq/JFvqIla10hGepunNcd/0rLRMVFcbqNY2UFrQvjn84ZaE3i322cyzm3jVt5ZVQ==",
          "requires": {
            "@ckeditor/ckeditor5-engine": "^25.0.0",
            "@ckeditor/ckeditor5-ui": "^25.0.0",
            "@ckeditor/ckeditor5-utils": "^25.0.0",
            "lodash-es": "^4.17.15"
          }
        },
        "@ckeditor/ckeditor5-engine": {
          "version": "25.0.0",
          "resolved": "https://registry.npmjs.org/@ckeditor/ckeditor5-engine/-/ckeditor5-engine-25.0.0.tgz",
          "integrity": "sha512-NgTzMMemO2qG6eH9NGHpcMNsvMhRtBuLz8w0fBsvgC2Ct4sYJIbbPudy8Sgswoy7kG9gHRqMrfnZYCWCdcoFhA==",
          "requires": {
            "@ckeditor/ckeditor5-utils": "^25.0.0",
            "lodash-es": "^4.17.15"
          }
        },
        "@ckeditor/ckeditor5-ui": {
          "version": "25.0.0",
          "resolved": "https://registry.npmjs.org/@ckeditor/ckeditor5-ui/-/ckeditor5-ui-25.0.0.tgz",
          "integrity": "sha512-q5mpk+KD7TbtmTKxG52dY+2MVI4Q/Ezs11hYVe0/BCBzJchEK+1IeRw+wxQ1LZwv3lJDmPvem0fWcFKJrDvDGA==",
          "requires": {
            "@ckeditor/ckeditor5-core": "^25.0.0",
            "@ckeditor/ckeditor5-utils": "^25.0.0",
            "lodash-es": "^4.17.15"
          }
        },
        "@ckeditor/ckeditor5-utils": {
          "version": "25.0.0",
          "resolved": "https://registry.npmjs.org/@ckeditor/ckeditor5-utils/-/ckeditor5-utils-25.0.0.tgz",
          "integrity": "sha512-lY6eW3ViQDqwDNXdvH8A1Z6r045hf2MqETPE3Gl1p28EB1xwta1pxpYqa8UFsDB5akQ/uWsRkpg94AJjMBuJ+A==",
          "requires": {
            "lodash-es": "^4.17.15"
          }
        }
      }
    },
    "lodash-es": {
      "version": "4.17.21",
      "resolved": "https://registry.npmjs.org/lodash-es/-/lodash-es-4.17.21.tgz",
      "integrity": "sha512-mKnC+QJ9pWVzv+C4/U3rRsHapFfHvQFoFB92e52xeyGMcX6/OlIl78je1u8vePzYZSkkogMPJ2yjxxsb89cxyw=="
    }
  }
}
